# THIS IS AN AUTOGENERATED FILE. DO NOT EDIT THIS FILE DIRECTLY.
# yarn lockfile v1


react-hook-form@^6.9.2:
  version "6.9.2"
  resolved "https://registry.yarnpkg.com/react-hook-form/-/react-hook-form-6.9.2.tgz#9512cd424e62235fda13c8fc1821f88c352e3d23"
  integrity sha512-vCPEbHVCRvsoqrQARgQ7a3VrXzqbFOO53gHFRdQzLzHMT9kxum3wfcSi8A1b49KPRsomvsqexH4tBUJMneEu+Q==
